
Microsoft Visual Studio Solution File, Format Version 12.00
# Visual Studio Version 17
VisualStudioVersion = 17.4.33403.182
MinimumVisualStudioVersion = 10.0.40219.1
Project("{9A19103F-16F7-4668-BE54-9A1E7A4F7556}") = "App.Contract", "App.Contract\App.Contract.csproj", "{4AFF3E41-C97F-4516-9810-F191BDA9A005}"
EndProject
Project("{9A19103F-16F7-4668-BE54-9A1E7A4F7556}") = "App.Services", "App.Services\App.Services.csproj", "{E4A21481-4BEA-40D1-91AF-57F262102071}"
EndProject
Project("{9A19103F-16F7-4668-BE54-9A1E7A4F7556}") = "App.Core", "App.Core\App.Core.csproj", "{3068F30D-40E1-46FF-AFFC-57E7E7B79BA7}"
EndProject
Project("{9A19103F-16F7-4668-BE54-9A1E7A4F7556}") = "IdenitityServer", "IdentityServer\IdenitityServer.csproj", "{E57985EE-02D2-4944-B934-B8B333C86AD4}"
EndProject
Global
	GlobalSection(SolutionConfigurationPlatforms) = preSolution
		Debug|Any CPU = Debug|Any CPU
		Release|Any CPU = Release|Any CPU
	EndGlobalSection
	GlobalSection(ProjectConfigurationPlatforms) = postSolution
		{4AFF3E41-C97F-4516-9810-F191BDA9A005}.Debug|Any CPU.ActiveCfg = Debug|Any CPU
		{4AFF3E41-C97F-4516-9810-F191BDA9A005}.Debug|Any CPU.Build.0 = Debug|Any CPU
		{4AFF3E41-C97F-4516-9810-F191BDA9A005}.Release|Any CPU.ActiveCfg = Release|Any CPU
		{4AFF3E41-C97F-4516-9810-F191BDA9A005}.Release|Any CPU.Build.0 = Release|Any CPU
		{E4A21481-4BEA-40D1-91AF-57F262102071}.Debug|Any CPU.ActiveCfg = Debug|Any CPU
		{E4A21481-4BEA-40D1-91AF-57F262102071}.Debug|Any CPU.Build.0 = Debug|Any CPU
		{E4A21481-4BEA-40D1-91AF-57F262102071}.Release|Any CPU.ActiveCfg = Release|Any CPU
		{E4A21481-4BEA-40D1-91AF-57F262102071}.Release|Any CPU.Build.0 = Release|Any CPU
		{3068F30D-40E1-46FF-AFFC-57E7E7B79BA7}.Debug|Any CPU.ActiveCfg = Debug|Any CPU
		{3068F30D-40E1-46FF-AFFC-57E7E7B79BA7}.Debug|Any CPU.Build.0 = Debug|Any CPU
		{3068F30D-40E1-46FF-AFFC-57E7E7B79BA7}.Release|Any CPU.ActiveCfg = Release|Any CPU
		{3068F30D-40E1-46FF-AFFC-57E7E7B79BA7}.Release|Any CPU.Build.0 = Release|Any CPU
		{E57985EE-02D2-4944-B934-B8B333C86AD4}.Debug|Any CPU.ActiveCfg = Debug|Any CPU
		{E57985EE-02D2-4944-B934-B8B333C86AD4}.Debug|Any CPU.Build.0 = Debug|Any CPU
		{E57985EE-02D2-4944-B934-B8B333C86AD4}.Release|Any CPU.ActiveCfg = Release|Any CPU
		{E57985EE-02D2-4944-B934-B8B333C86AD4}.Release|Any CPU.Build.0 = Release|Any CPU
	EndGlobalSection
	GlobalSection(SolutionProperties) = preSolution
		HideSolutionNode = FALSE
	EndGlobalSection
	GlobalSection(ExtensibilityGlobals) = postSolution
		SolutionGuid = {42DAD2F2-1D8E-45E9-BAC8-EC4083A87DAA}
	EndGlobalSection
EndGlobal
